
Microsoft Visual Studio Solution File, Format Version 12.00
# Visual Studio Version 16
VisualStudioVersion = 16.0.30204.135
MinimumVisualStudioVersion = 10.0.40219.1
Project("{9A19103F-16F7-4668-BE54-9A1E7A4F7556}") = "eShopSolution.WebApp", "eShopSolution.WebApp\eShopSolution.WebApp.csproj", "{CE833A4F-1C7B-4FC5-89DC-220EAF0F370D}"
EndProject
Project("{2150E333-8FDC-42A3-9474-1A3956D46DE8}") = "Solution Items", "Solution Items", "{15F3C12A-7F3E-4B14-A121-DA342A78E42C}"
	ProjectSection(SolutionItems) = preProject
		README.md = README.md
	EndProjectSection
EndProject
Project("{FAE04EC0-301F-11D3-BF4B-00C04F79EFBC}") = "eShopSolution.Data", "eShopSolution.Data\eShopSolution.Data.csproj", "{48F581BE-A1BB-44B6-8922-2C8E52C95C85}"
EndProject
Project("{FAE04EC0-301F-11D3-BF4B-00C04F79EFBC}") = "eShopSolution.Application", "eShopSolution.Application\eShopSolution.Application.csproj", "{214F6343-910B-43D0-960F-2E4B9B51C717}"
EndProject
Global
	GlobalSection(SolutionConfigurationPlatforms) = preSolution
		Debug|Any CPU = Debug|Any CPU
		Release|Any CPU = Release|Any CPU
	EndGlobalSection
	GlobalSection(ProjectConfigurationPlatforms) = postSolution
		{CE833A4F-1C7B-4FC5-89DC-220EAF0F370D}.Debug|Any CPU.ActiveCfg = Debug|Any CPU
		{CE833A4F-1C7B-4FC5-89DC-220EAF0F370D}.Debug|Any CPU.Build.0 = Debug|Any CPU
		{CE833A4F-1C7B-4FC5-89DC-220EAF0F370D}.Release|Any CPU.ActiveCfg = Release|Any CPU
		{CE833A4F-1C7B-4FC5-89DC-220EAF0F370D}.Release|Any CPU.Build.0 = Release|Any CPU
		{48F581BE-A1BB-44B6-8922-2C8E52C95C85}.Debug|Any CPU.ActiveCfg = Debug|Any CPU
		{48F581BE-A1BB-44B6-8922-2C8E52C95C85}.Debug|Any CPU.Build.0 = Debug|Any CPU
		{48F581BE-A1BB-44B6-8922-2C8E52C95C85}.Release|Any CPU.ActiveCfg = Release|Any CPU
		{48F581BE-A1BB-44B6-8922-2C8E52C95C85}.Release|Any CPU.Build.0 = Release|Any CPU
		{214F6343-910B-43D0-960F-2E4B9B51C717}.Debug|Any CPU.ActiveCfg = Debug|Any CPU
		{214F6343-910B-43D0-960F-2E4B9B51C717}.Debug|Any CPU.Build.0 = Debug|Any CPU
		{214F6343-910B-43D0-960F-2E4B9B51C717}.Release|Any CPU.ActiveCfg = Release|Any CPU
		{214F6343-910B-43D0-960F-2E4B9B51C717}.Release|Any CPU.Build.0 = Release|Any CPU
	EndGlobalSection
	GlobalSection(SolutionProperties) = preSolution
		HideSolutionNode = FALSE
	EndGlobalSection
	GlobalSection(ExtensibilityGlobals) = postSolution
		SolutionGuid = {05256164-A34A-4C63-BA37-98937B76E8AA}
	EndGlobalSection
EndGlobal
