
Microsoft Visual Studio Solution File, Format Version 12.00
# Visual Studio Version 16
VisualStudioVersion = 16.0.30204.135
MinimumVisualStudioVersion = 10.0.40219.1
Project("{FAE04EC0-301F-11D3-BF4B-00C04F79EFBC}") = "eShopSolution.WebApp", "eShopSolution.WebApp\eShopSolution.WebApp.csproj", "{CE833A4F-1C7B-4FC5-89DC-220EAF0F370D}"
EndProject
Global
	GlobalSection(SolutionConfigurationPlatforms) = preSolution
		Debug|Any CPU = Debug|Any CPU
		Release|Any CPU = Release|Any CPU
	EndGlobalSection
	GlobalSection(ProjectConfigurationPlatforms) = postSolution
		{CE833A4F-1C7B-4FC5-89DC-220EAF0F370D}.Debug|Any CPU.ActiveCfg = Debug|Any CPU
		{CE833A4F-1C7B-4FC5-89DC-220EAF0F370D}.Debug|Any CPU.Build.0 = Debug|Any CPU
		{CE833A4F-1C7B-4FC5-89DC-220EAF0F370D}.Release|Any CPU.ActiveCfg = Release|Any CPU
		{CE833A4F-1C7B-4FC5-89DC-220EAF0F370D}.Release|Any CPU.Build.0 = Release|Any CPU
	EndGlobalSection
	GlobalSection(SolutionProperties) = preSolution
		HideSolutionNode = FALSE
	EndGlobalSection
	GlobalSection(ExtensibilityGlobals) = postSolution
		SolutionGuid = {05256164-A34A-4C63-BA37-98937B76E8AA}
	EndGlobalSection
EndGlobal
